
Microsoft Visual Studio Solution File, Format Version 12.00
# Visual Studio Version 16
VisualStudioVersion = 16.0.31112.23
MinimumVisualStudioVersion = 10.0.40219.1
Project("{FAE04EC0-301F-11D3-BF4B-00C04F79EFBC}") = "Senai_Hroads_WebAPI", "Senai_Hroads_WebAPI\Senai_Hroads_WebAPI.csproj", "{786BE7DF-C439-4860-9A3C-8218A992B6BC}"
EndProject
Global
	GlobalSection(SolutionConfigurationPlatforms) = preSolution
		Debug|Any CPU = Debug|Any CPU
		Release|Any CPU = Release|Any CPU
	EndGlobalSection
	GlobalSection(ProjectConfigurationPlatforms) = postSolution
		{786BE7DF-C439-4860-9A3C-8218A992B6BC}.Debug|Any CPU.ActiveCfg = Debug|Any CPU
		{786BE7DF-C439-4860-9A3C-8218A992B6BC}.Debug|Any CPU.Build.0 = Debug|Any CPU
		{786BE7DF-C439-4860-9A3C-8218A992B6BC}.Release|Any CPU.ActiveCfg = Release|Any CPU
		{786BE7DF-C439-4860-9A3C-8218A992B6BC}.Release|Any CPU.Build.0 = Release|Any CPU
	EndGlobalSection
	GlobalSection(SolutionProperties) = preSolution
		HideSolutionNode = FALSE
	EndGlobalSection
	GlobalSection(ExtensibilityGlobals) = postSolution
		SolutionGuid = {EE2E4F2C-EB08-43F9-822E-3BD3565BF9EC}
	EndGlobalSection
EndGlobal
